
Microsoft Visual Studio Solution File, Format Version 12.00
# Visual Studio 15
VisualStudioVersion = 15.0.28307.136
MinimumVisualStudioVersion = 10.0.40219.1
Project("{9A19103F-16F7-4668-BE54-9A1E7A4F7556}") = "ArkashaAudioBot", "ArkashaAudioBot\ArkashaAudioBot.csproj", "{655AFD4F-1A7E-4675-AEB6-4DAC82B15E14}"
EndProject
Project("{FAE04EC0-301F-11D3-BF4B-00C04F79EFBC}") = "SetWebhook", "SetWebhook\SetWebhook.csproj", "{4F1A7824-05AD-46D5-8739-E84522F17763}"
EndProject
Global
	GlobalSection(SolutionConfigurationPlatforms) = preSolution
		Debug|Any CPU = Debug|Any CPU
		Release|Any CPU = Release|Any CPU
	EndGlobalSection
	GlobalSection(ProjectConfigurationPlatforms) = postSolution
		{655AFD4F-1A7E-4675-AEB6-4DAC82B15E14}.Debug|Any CPU.ActiveCfg = Debug|Any CPU
		{655AFD4F-1A7E-4675-AEB6-4DAC82B15E14}.Debug|Any CPU.Build.0 = Debug|Any CPU
		{655AFD4F-1A7E-4675-AEB6-4DAC82B15E14}.Release|Any CPU.ActiveCfg = Release|Any CPU
		{655AFD4F-1A7E-4675-AEB6-4DAC82B15E14}.Release|Any CPU.Build.0 = Release|Any CPU
		{4F1A7824-05AD-46D5-8739-E84522F17763}.Debug|Any CPU.ActiveCfg = Debug|Any CPU
		{4F1A7824-05AD-46D5-8739-E84522F17763}.Debug|Any CPU.Build.0 = Debug|Any CPU
		{4F1A7824-05AD-46D5-8739-E84522F17763}.Release|Any CPU.ActiveCfg = Release|Any CPU
		{4F1A7824-05AD-46D5-8739-E84522F17763}.Release|Any CPU.Build.0 = Release|Any CPU
	EndGlobalSection
	GlobalSection(SolutionProperties) = preSolution
		HideSolutionNode = FALSE
	EndGlobalSection
	GlobalSection(ExtensibilityGlobals) = postSolution
		SolutionGuid = {251D26D2-F452-470D-932B-5DD68691AFBF}
	EndGlobalSection
EndGlobal
